
Microsoft Visual Studio Solution File, Format Version 12.00
# Visual Studio Version 17
VisualStudioVersion = 17.9.34723.18
MinimumVisualStudioVersion = 10.0.40219.1
Project("{8BC9CEB8-8B4A-11D0-8D11-00A0C91BC942}") = "lr3_cpec_alg", "lr3_cpec_alg\lr3_cpec_alg.vcxproj", "{F6342850-DC84-4F8D-9A62-0BB7D6DAB2BC}"
EndProject
Global
	GlobalSection(SolutionConfigurationPlatforms) = preSolution
		Debug|x64 = Debug|x64
		Debug|x86 = Debug|x86
		Release|x64 = Release|x64
		Release|x86 = Release|x86
	EndGlobalSection
	GlobalSection(ProjectConfigurationPlatforms) = postSolution
		{F6342850-DC84-4F8D-9A62-0BB7D6DAB2BC}.Debug|x64.ActiveCfg = Debug|x64
		{F6342850-DC84-4F8D-9A62-0BB7D6DAB2BC}.Debug|x64.Build.0 = Debug|x64
		{F6342850-DC84-4F8D-9A62-0BB7D6DAB2BC}.Debug|x86.ActiveCfg = Debug|Win32
		{F6342850-DC84-4F8D-9A62-0BB7D6DAB2BC}.Debug|x86.Build.0 = Debug|Win32
		{F6342850-DC84-4F8D-9A62-0BB7D6DAB2BC}.Release|x64.ActiveCfg = Release|x64
		{F6342850-DC84-4F8D-9A62-0BB7D6DAB2BC}.Release|x64.Build.0 = Release|x64
		{F6342850-DC84-4F8D-9A62-0BB7D6DAB2BC}.Release|x86.ActiveCfg = Release|Win32
		{F6342850-DC84-4F8D-9A62-0BB7D6DAB2BC}.Release|x86.Build.0 = Release|Win32
	EndGlobalSection
	GlobalSection(SolutionProperties) = preSolution
		HideSolutionNode = FALSE
	EndGlobalSection
	GlobalSection(ExtensibilityGlobals) = postSolution
		SolutionGuid = {69A01906-441E-4A35-A8EB-0A3D5C735DD9}
	EndGlobalSection
EndGlobal
